
Microsoft Visual Studio Solution File, Format Version 12.00
# Visual Studio Version 17
VisualStudioVersion = 17.10.35027.167
MinimumVisualStudioVersion = 10.0.40219.1
Project("{FAE04EC0-301F-11D3-BF4B-00C04F79EFBC}") = "Q4_AssignmentFileHandling", "Q4_AssignmentFileHandling\Q4_AssignmentFileHandling.csproj", "{8A2B1460-175D-414D-866F-AA42D5252F21}"
EndProject
Global
	GlobalSection(SolutionConfigurationPlatforms) = preSolution
		Debug|Any CPU = Debug|Any CPU
		Release|Any CPU = Release|Any CPU
	EndGlobalSection
	GlobalSection(ProjectConfigurationPlatforms) = postSolution
		{8A2B1460-175D-414D-866F-AA42D5252F21}.Debug|Any CPU.ActiveCfg = Debug|Any CPU
		{8A2B1460-175D-414D-866F-AA42D5252F21}.Debug|Any CPU.Build.0 = Debug|Any CPU
		{8A2B1460-175D-414D-866F-AA42D5252F21}.Release|Any CPU.ActiveCfg = Release|Any CPU
		{8A2B1460-175D-414D-866F-AA42D5252F21}.Release|Any CPU.Build.0 = Release|Any CPU
	EndGlobalSection
	GlobalSection(SolutionProperties) = preSolution
		HideSolutionNode = FALSE
	EndGlobalSection
	GlobalSection(ExtensibilityGlobals) = postSolution
		SolutionGuid = {6FF3E9D7-E60A-482B-95F9-6B90CEA216A2}
	EndGlobalSection
EndGlobal
