
Microsoft Visual Studio Solution File, Format Version 12.00
# Visual Studio Version 17
VisualStudioVersion = 17.10.35027.167
MinimumVisualStudioVersion = 10.0.40219.1
Project("{FAE04EC0-301F-11D3-BF4B-00C04F79EFBC}") = "FileHandlingSearchwordVowelcount", "FileHandlingSearchwordVowelcount\FileHandlingSearchwordVowelcount.csproj", "{9C2E6C67-6E07-4D89-A1EE-2CF970DC83B8}"
EndProject
Global
	GlobalSection(SolutionConfigurationPlatforms) = preSolution
		Debug|Any CPU = Debug|Any CPU
		Release|Any CPU = Release|Any CPU
	EndGlobalSection
	GlobalSection(ProjectConfigurationPlatforms) = postSolution
		{9C2E6C67-6E07-4D89-A1EE-2CF970DC83B8}.Debug|Any CPU.ActiveCfg = Debug|Any CPU
		{9C2E6C67-6E07-4D89-A1EE-2CF970DC83B8}.Debug|Any CPU.Build.0 = Debug|Any CPU
		{9C2E6C67-6E07-4D89-A1EE-2CF970DC83B8}.Release|Any CPU.ActiveCfg = Release|Any CPU
		{9C2E6C67-6E07-4D89-A1EE-2CF970DC83B8}.Release|Any CPU.Build.0 = Release|Any CPU
	EndGlobalSection
	GlobalSection(SolutionProperties) = preSolution
		HideSolutionNode = FALSE
	EndGlobalSection
	GlobalSection(ExtensibilityGlobals) = postSolution
		SolutionGuid = {6D36283A-FF79-4B57-9D0D-C11F2CE22A15}
	EndGlobalSection
EndGlobal
