
Microsoft Visual Studio Solution File, Format Version 12.00
# Visual Studio Version 17
VisualStudioVersion = 17.10.35027.167
MinimumVisualStudioVersion = 10.0.40219.1
Project("{FAE04EC0-301F-11D3-BF4B-00C04F79EFBC}") = "Q5_AssignmentFileHandling", "Q5_AssignmentFileHandling\Q5_AssignmentFileHandling.csproj", "{4975E161-4581-4A1B-B2FF-03DEA7346ACB}"
EndProject
Global
	GlobalSection(SolutionConfigurationPlatforms) = preSolution
		Debug|Any CPU = Debug|Any CPU
		Release|Any CPU = Release|Any CPU
	EndGlobalSection
	GlobalSection(ProjectConfigurationPlatforms) = postSolution
		{4975E161-4581-4A1B-B2FF-03DEA7346ACB}.Debug|Any CPU.ActiveCfg = Debug|Any CPU
		{4975E161-4581-4A1B-B2FF-03DEA7346ACB}.Debug|Any CPU.Build.0 = Debug|Any CPU
		{4975E161-4581-4A1B-B2FF-03DEA7346ACB}.Release|Any CPU.ActiveCfg = Release|Any CPU
		{4975E161-4581-4A1B-B2FF-03DEA7346ACB}.Release|Any CPU.Build.0 = Release|Any CPU
	EndGlobalSection
	GlobalSection(SolutionProperties) = preSolution
		HideSolutionNode = FALSE
	EndGlobalSection
	GlobalSection(ExtensibilityGlobals) = postSolution
		SolutionGuid = {E78958F7-3084-412F-9C92-A9B08AA95971}
	EndGlobalSection
EndGlobal
