
Microsoft Visual Studio Solution File, Format Version 12.00
# Visual Studio Version 17
VisualStudioVersion = 17.10.35027.167
MinimumVisualStudioVersion = 10.0.40219.1
Project("{FAE04EC0-301F-11D3-BF4B-00C04F79EFBC}") = "InventoryManagementSystemADO.NET", "InventoryManagementSystemADO.NET\InventoryManagementSystemADO.NET.csproj", "{860F05E6-3827-483A-A885-9637926307C1}"
EndProject
Global
	GlobalSection(SolutionConfigurationPlatforms) = preSolution
		Debug|Any CPU = Debug|Any CPU
		Release|Any CPU = Release|Any CPU
	EndGlobalSection
	GlobalSection(ProjectConfigurationPlatforms) = postSolution
		{860F05E6-3827-483A-A885-9637926307C1}.Debug|Any CPU.ActiveCfg = Debug|Any CPU
		{860F05E6-3827-483A-A885-9637926307C1}.Debug|Any CPU.Build.0 = Debug|Any CPU
		{860F05E6-3827-483A-A885-9637926307C1}.Release|Any CPU.ActiveCfg = Release|Any CPU
		{860F05E6-3827-483A-A885-9637926307C1}.Release|Any CPU.Build.0 = Release|Any CPU
	EndGlobalSection
	GlobalSection(SolutionProperties) = preSolution
		HideSolutionNode = FALSE
	EndGlobalSection
	GlobalSection(ExtensibilityGlobals) = postSolution
		SolutionGuid = {BEA9FA1C-BAFC-4BB3-AE6B-19496AEA1C8E}
	EndGlobalSection
EndGlobal
